
Microsoft Visual Studio Solution File, Format Version 12.00
# Visual Studio Version 17
VisualStudioVersion = 17.9.34728.123
MinimumVisualStudioVersion = 10.0.40219.1
Project("{9A19103F-16F7-4668-BE54-9A1E7A4F7556}") = "CourseProvider", "CourseProvider\CourseProvider.csproj", "{2C2C7583-55CC-468A-97B7-4DC9E2E20224}"
EndProject
Project("{9A19103F-16F7-4668-BE54-9A1E7A4F7556}") = "Infrastructure", "Infrastructure\Infrastructure.csproj", "{0A6B15B8-ABDF-4FA6-84AD-D3048205DD59}"
EndProject
Global
	GlobalSection(SolutionConfigurationPlatforms) = preSolution
		Debug|Any CPU = Debug|Any CPU
		Release|Any CPU = Release|Any CPU
	EndGlobalSection
	GlobalSection(ProjectConfigurationPlatforms) = postSolution
		{2C2C7583-55CC-468A-97B7-4DC9E2E20224}.Debug|Any CPU.ActiveCfg = Debug|Any CPU
		{2C2C7583-55CC-468A-97B7-4DC9E2E20224}.Debug|Any CPU.Build.0 = Debug|Any CPU
		{2C2C7583-55CC-468A-97B7-4DC9E2E20224}.Release|Any CPU.ActiveCfg = Release|Any CPU
		{2C2C7583-55CC-468A-97B7-4DC9E2E20224}.Release|Any CPU.Build.0 = Release|Any CPU
		{0A6B15B8-ABDF-4FA6-84AD-D3048205DD59}.Debug|Any CPU.ActiveCfg = Debug|Any CPU
		{0A6B15B8-ABDF-4FA6-84AD-D3048205DD59}.Debug|Any CPU.Build.0 = Debug|Any CPU
		{0A6B15B8-ABDF-4FA6-84AD-D3048205DD59}.Release|Any CPU.ActiveCfg = Release|Any CPU
		{0A6B15B8-ABDF-4FA6-84AD-D3048205DD59}.Release|Any CPU.Build.0 = Release|Any CPU
	EndGlobalSection
	GlobalSection(SolutionProperties) = preSolution
		HideSolutionNode = FALSE
	EndGlobalSection
	GlobalSection(ExtensibilityGlobals) = postSolution
		SolutionGuid = {FEC1AA86-E530-4D13-9E9C-4E854857377A}
	EndGlobalSection
EndGlobal
